{
  "name": "client",
  "lockfileVersion": 3,
  "requires": true,
  "packages": {
    "": {
      "name": "client",
      "dependencies": {
        "hls.js": "^1.6.16",
        "next": "^16.2.6",
        "react": "^19.2.6",
        "react-dom": "^19.2.6"
      },
      "devDependencies": {
        "@tailwindcss/postcss": "^4.1.17",
        "@types/node": "^24.10.10",
        "@types/react": "^19.2.14",
        "@types/react-dom": "^19.2.3",
        "eslint": "^9.39.2",
        "eslint-config-next": "^16.2.6",
        "tailwindcss": "^4.3.0",
        "typescript": "^5.9.3"
      }
    },
    "../node_modules/.bun/@tailwindcss+postcss@4.3.0/node_modules/@tailwindcss/postcss": {
      "version": "4.3.0",
      "dev": true,
      "license": "MIT",
      "dependencies": {
        "@alloc/quick-lru": "^5.2.0",
        "@tailwindcss/node": "4.3.0",
        "@tailwindcss/oxide": "4.3.0",
        "postcss": "^8.5.10",
        "tailwindcss": "4.3.0"
      },
      "devDependencies": {
        "@types/node": "^22.19.17",
        "@types/postcss-import": "14.0.3",
        "dedent": "1.7.2",
        "internal-example-plugin": "0.0.0",
        "postcss-import": "^16.1.1"
      }
    },
    "../node_modules/.bun/@types+node@24.12.3/node_modules/@types/node": {
      "version": "24.12.3",
      "dev": true,
      "license": "MIT",
      "dependencies": {
        "undici-types": "~7.16.0"
      }
    },
    "../node_modules/.bun/@types+react-dom@19.2.3+273cdfb19a04c3e9/node_modules/@types/react-dom": {
      "version": "19.2.3",
      "dev": true,
      "license": "MIT",
      "peerDependencies": {
        "@types/react": "^19.2.0"
      }
    },
    "../node_modules/.bun/@types+react@19.2.14/node_modules/@types/react": {
      "version": "19.2.14",
      "dev": true,
      "license": "MIT",
      "dependencies": {
        "csstype": "^3.2.2"
      }
    },
    "../node_modules/.bun/eslint-config-next@16.2.6+832551eaa8266466/node_modules/eslint-config-next": {
      "version": "16.2.6",
      "dev": true,
      "license": "MIT",
      "dependencies": {
        "@next/eslint-plugin-next": "16.2.6",
        "eslint-import-resolver-node": "^0.3.6",
        "eslint-import-resolver-typescript": "^3.5.2",
        "eslint-plugin-import": "^2.32.0",
        "eslint-plugin-jsx-a11y": "^6.10.0",
        "eslint-plugin-react": "^7.37.0",
        "eslint-plugin-react-hooks": "^7.0.0",
        "globals": "16.4.0",
        "typescript-eslint": "^8.46.0"
      },
      "devDependencies": {
        "@types/eslint": "9.6.1",
        "@types/eslint-plugin-jsx-a11y": "6.10.1",
        "typescript": "5.9.2"
      },
      "peerDependencies": {
        "eslint": ">=9.0.0",
        "typescript": ">=3.3.1"
      },
      "peerDependenciesMeta": {
        "typescript": {
          "optional": true
        }
      }
    },
    "../node_modules/.bun/eslint@9.39.4+bf240030a9c72ea2/node_modules/eslint": {
      "version": "9.39.4",
      "dev": true,
      "license": "MIT",
      "dependencies": {
        "@eslint-community/eslint-utils": "^4.8.0",
        "@eslint-community/regexpp": "^4.12.1",
        "@eslint/config-array": "^0.21.2",
        "@eslint/config-helpers": "^0.4.2",
        "@eslint/core": "^0.17.0",
        "@eslint/eslintrc": "^3.3.5",
        "@eslint/js": "9.39.4",
        "@eslint/plugin-kit": "^0.4.1",
        "@humanfs/node": "^0.16.6",
        "@humanwhocodes/module-importer": "^1.0.1",
        "@humanwhocodes/retry": "^0.4.2",
        "@types/estree": "^1.0.6",
        "ajv": "^6.14.0",
        "chalk": "^4.0.0",
        "cross-spawn": "^7.0.6",
        "debug": "^4.3.2",
        "escape-string-regexp": "^4.0.0",
        "eslint-scope": "^8.4.0",
        "eslint-visitor-keys": "^4.2.1",
        "espree": "^10.4.0",
        "esquery": "^1.5.0",
        "esutils": "^2.0.2",
        "fast-deep-equal": "^3.1.3",
        "file-entry-cache": "^8.0.0",
        "find-up": "^5.0.0",
        "glob-parent": "^6.0.2",
        "ignore": "^5.2.0",
        "imurmurhash": "^0.1.4",
        "is-glob": "^4.0.0",
        "json-stable-stringify-without-jsonify": "^1.0.1",
        "lodash.merge": "^4.6.2",
        "minimatch": "^3.1.5",
        "natural-compare": "^1.4.0",
        "optionator": "^0.9.3"
      },
      "bin": {
        "eslint": "bin/eslint.js"
      },
      "devDependencies": {
        "@arethetypeswrong/cli": "^0.18.0",
        "@babel/core": "^7.4.3",
        "@babel/preset-env": "^7.4.3",
        "@cypress/webpack-preprocessor": "^6.0.2",
        "@eslint/json": "^0.13.2",
        "@trunkio/launcher": "^1.3.4",
        "@types/esquery": "^1.5.4",
        "@types/node": "^22.13.14",
        "@typescript-eslint/parser": "^8.4.0",
        "babel-loader": "^8.0.5",
        "c8": "^7.12.0",
        "chai": "^4.0.1",
        "cheerio": "^0.22.0",
        "common-tags": "^1.8.0",
        "core-js": "^3.1.3",
        "cypress": "^14.1.0",
        "ejs": "^3.0.2",
        "eslint": "file:.",
        "eslint-config-eslint": "file:packages/eslint-config-eslint",
        "eslint-plugin-eslint-plugin": "^6.0.0",
        "eslint-plugin-expect-type": "^0.6.0",
        "eslint-plugin-yml": "^1.14.0",
        "eslint-release": "^3.3.0",
        "eslint-rule-composer": "^0.3.0",
        "eslump": "^3.0.0",
        "esprima": "^4.0.1",
        "fast-glob": "^3.2.11",
        "fs-teardown": "^0.1.3",
        "glob": "^10.0.0",
        "globals": "^16.2.0",
        "got": "^11.8.3",
        "gray-matter": "^4.0.3",
        "jiti": "^2.6.1",
        "jiti-v2.0": "npm:jiti@2.0.x",
        "jiti-v2.1": "npm:jiti@2.1.x",
        "knip": "^5.60.2",
        "lint-staged": "^11.0.0",
        "markdown-it": "^12.2.0",
        "markdown-it-container": "^3.0.0",
        "marked": "^4.0.8",
        "metascraper": "^5.25.7",
        "metascraper-description": "^5.25.7",
        "metascraper-image": "^5.29.3",
        "metascraper-logo": "^5.25.7",
        "metascraper-logo-favicon": "^5.25.7",
        "metascraper-title": "^5.25.7",
        "mocha": "^11.7.1",
        "node-polyfill-webpack-plugin": "^1.0.3",
        "npm-license": "^0.3.3",
        "pirates": "^4.0.5",
        "progress": "^2.0.3",
        "proxyquire": "^2.0.1",
        "recast": "^0.23.0",
        "regenerator-runtime": "^0.14.0",
        "semver": "^7.5.3",
        "shelljs": "^0.10.0",
        "sinon": "^11.0.0",
        "typescript": "^5.3.3",
        "webpack": "^5.23.0",
        "webpack-cli": "^4.5.0",
        "yorkie": "^2.0.0"
      },
      "engines": {
        "node": "^18.18.0 || ^20.9.0 || >=21.1.0"
      },
      "funding": {
        "url": "https://eslint.org/donate"
      },
      "peerDependencies": {
        "jiti": "*"
      },
      "peerDependenciesMeta": {
        "jiti": {
          "optional": true
        }
      }
    },
    "../node_modules/.bun/next@16.2.6+d0e719b86e9808b5/node_modules/next": {
      "version": "16.2.6",
      "license": "MIT",
      "dependencies": {
        "@next/env": "16.2.6",
        "@swc/helpers": "0.5.15",
        "baseline-browser-mapping": "^2.9.19",
        "caniuse-lite": "^1.0.30001579",
        "postcss": "8.4.31",
        "styled-jsx": "5.1.6"
      },
      "bin": {
        "next": "dist/bin/next"
      },
      "devDependencies": {
        "@babel/core": "7.26.10",
        "@babel/eslint-parser": "7.24.6",
        "@babel/generator": "7.27.0",
        "@babel/plugin-syntax-bigint": "7.8.3",
        "@babel/plugin-syntax-dynamic-import": "7.8.3",
        "@babel/plugin-syntax-import-attributes": "7.26.0",
        "@babel/plugin-syntax-jsx": "7.25.9",
        "@babel/plugin-syntax-typescript": "7.25.4",
        "@babel/plugin-transform-class-properties": "7.25.9",
        "@babel/plugin-transform-export-namespace-from": "7.25.9",
        "@babel/plugin-transform-modules-commonjs": "7.26.3",
        "@babel/plugin-transform-numeric-separator": "7.25.9",
        "@babel/plugin-transform-object-rest-spread": "7.25.9",
        "@babel/plugin-transform-runtime": "7.26.10",
        "@babel/preset-env": "7.26.9",
        "@babel/preset-react": "7.26.3",
        "@babel/preset-typescript": "7.27.0",
        "@babel/runtime": "7.27.0",
        "@babel/traverse": "7.27.0",
        "@babel/types": "7.27.0",
        "@base-ui-components/react": "1.0.0-beta.2",
        "@capsizecss/metrics": "3.4.0",
        "@edge-runtime/cookies": "6.0.0",
        "@edge-runtime/ponyfill": "4.0.0",
        "@edge-runtime/primitives": "6.0.0",
        "@hapi/accept": "5.0.2",
        "@jest/transform": "29.5.0",
        "@jest/types": "29.5.0",
        "@modelcontextprotocol/sdk": "1.18.1",
        "@mswjs/interceptors": "0.23.0",
        "@napi-rs/triples": "1.2.0",
        "@next/font": "16.2.6",
        "@next/polyfill-module": "16.2.6",
        "@next/polyfill-nomodule": "16.2.6",
        "@next/react-refresh-utils": "16.2.6",
        "@next/swc": "16.2.6",
        "@opentelemetry/api": "1.6.0",
        "@playwright/test": "1.58.2",
        "@rspack/core": "1.6.7",
        "@storybook/addon-a11y": "8.6.0",
        "@storybook/addon-essentials": "8.6.0",
        "@storybook/addon-interactions": "8.6.0",
        "@storybook/addon-webpack5-compiler-swc": "3.0.0",
        "@storybook/blocks": "8.6.0",
        "@storybook/react": "8.6.0",
        "@storybook/react-webpack5": "8.6.0",
        "@storybook/test": "8.6.0",
        "@storybook/test-runner": "0.21.0",
        "@swc/core": "1.11.24",
        "@swc/types": "0.1.7",
        "@taskr/clear": "1.1.0",
        "@taskr/esnext": "1.1.0",
        "@types/babel__code-frame": "7.0.6",
        "@types/babel__core": "7.20.5",
        "@types/babel__generator": "7.27.0",
        "@types/babel__template": "7.4.4",
        "@types/babel__traverse": "7.20.7",
        "@types/bytes": "3.1.1",
        "@types/ci-info": "2.0.0",
        "@types/compression": "0.0.36",
        "@types/content-disposition": "0.5.4",
        "@types/content-type": "1.1.3",
        "@types/cookie": "0.3.3",
        "@types/cross-spawn": "6.0.0",
        "@types/debug": "4.1.5",
        "@types/express-serve-static-core": "4.17.33",
        "@types/fresh": "0.5.0",
        "@types/glob": "7.1.1",
        "@types/jsonwebtoken": "9.0.0",
        "@types/lodash": "4.14.198",
        "@types/lodash.curry": "4.1.6",
        "@types/path-to-regexp": "1.7.0",
        "@types/picomatch": "2.3.3",
        "@types/platform": "1.3.4",
        "@types/react": "19.0.8",
        "@types/react-dom": "19.0.3",
        "@types/react-is": "18.2.4",
        "@types/semver": "7.3.1",
        "@types/send": "0.14.4",
        "@types/serve-handler": "6.1.4",
        "@types/shell-quote": "1.7.1",
        "@types/text-table": "0.2.1",
        "@types/ua-parser-js": "0.7.36",
        "@types/webpack-sources1": "npm:@types/webpack-sources@0.1.5",
        "@types/ws": "8.2.0",
        "@vercel/ncc": "0.34.0",
        "@vercel/nft": "0.27.1",
        "@vercel/routing-utils": "5.2.0",
        "@vercel/turbopack-ecmascript-runtime": "*",
        "acorn": "8.14.0",
        "anser": "1.4.9",
        "arg": "4.1.0",
        "assert": "2.0.0",
        "async-retry": "1.2.3",
        "async-sema": "3.0.0",
        "axe-playwright": "2.0.3",
        "babel-loader": "10.0.0",
        "babel-plugin-react-compiler": "0.0.0-experimental-1371fcb-20260227",
        "babel-plugin-transform-define": "2.0.0",
        "babel-plugin-transform-react-remove-prop-types": "0.4.24",
        "browserify-zlib": "0.2.0",
        "browserslist": "4.28.1",
        "buffer": "5.6.0",
        "busboy": "1.6.0",
        "bytes": "3.1.1",
        "ci-info": "watson/ci-info#f43f6a1cefff47fb361c88cf4b943fdbcaafe540",
        "cli-select": "1.1.2",
        "client-only": "0.0.1",
        "commander": "12.1.0",
        "comment-json": "3.0.3",
        "compression": "1.7.4",
        "conf": "5.0.0",
        "constants-browserify": "1.0.0",
        "content-disposition": "0.5.3",
        "content-type": "1.0.4",
        "cookie": "0.4.1",
        "cross-env": "6.0.3",
        "cross-spawn": "7.0.3",
        "crypto-browserify": "3.12.0",
        "css-loader": "7.1.2",
        "css.escape": "1.5.1",
        "cssnano-preset-default": "7.0.6",
        "data-uri-to-buffer": "3.0.1",
        "debug": "4.1.1",
        "devalue": "2.0.1",
        "domain-browser": "4.19.0",
        "edge-runtime": "4.0.1",
        "events": "3.3.0",
        "find-up": "4.1.0",
        "fresh": "0.5.2",
        "glob": "7.1.7",
        "gzip-size": "5.1.1",
        "http-proxy": "1.18.1",
        "http-proxy-agent": "5.0.0",
        "https-browserify": "1.0.0",
        "https-proxy-agent": "5.0.1",
        "icss-utils": "5.1.0",
        "ignore-loader": "0.1.2",
        "image-size": "1.2.1",
        "ipaddr.js": "2.2.0",
        "is-docker": "2.0.0",
        "is-wsl": "2.2.0",
        "jest-worker": "27.5.1",
        "json5": "2.2.3",
        "jsonwebtoken": "9.0.0",
        "loader-runner": "4.3.0",
        "loader-utils2": "npm:loader-utils@2.0.4",
        "loader-utils3": "npm:loader-utils@3.1.3",
        "lodash.curry": "4.1.1",
        "mini-css-extract-plugin": "2.4.4",
        "msw": "2.3.0",
        "nanoid": "3.1.32",
        "native-url": "0.3.4",
        "neo-async": "2.6.1",
        "node-html-parser": "5.3.3",
        "ora": "4.0.4",
        "os-browserify": "0.3.0",
        "p-limit": "3.1.0",
        "p-queue": "6.6.2",
        "path-browserify": "1.0.1",
        "path-to-regexp": "6.3.0",
        "picomatch": "4.0.1",
        "postcss-flexbugs-fixes": "5.0.2",
        "postcss-modules-extract-imports": "3.0.0",
        "postcss-modules-local-by-default": "4.2.0",
        "postcss-modules-scope": "3.0.0",
        "postcss-modules-values": "4.0.0",
        "postcss-preset-env": "7.4.3",
        "postcss-safe-parser": "6.0.0",
        "postcss-scss": "4.0.3",
        "postcss-value-parser": "4.2.0",
        "process": "0.11.10",
        "punycode": "2.1.1",
        "querystring-es3": "0.2.1",
        "raw-body": "2.4.1",
        "react-refresh": "0.12.0",
        "recast": "0.23.11",
        "regenerator-runtime": "0.13.4",
        "safe-stable-stringify": "2.5.0",
        "sass-loader": "16.0.5",
        "schema-utils2": "npm:schema-utils@2.7.1",
        "schema-utils3": "npm:schema-utils@3.0.0",
        "semver": "7.3.2",
        "send": "0.18.0",
        "serve-handler": "6.1.6",
        "server-only": "0.0.1",
        "setimmediate": "1.0.5",
        "shell-quote": "1.7.3",
        "source-map": "0.6.1",
        "source-map-loader": "5.0.0",
        "source-map08": "npm:source-map@0.8.0-beta.0",
        "stacktrace-parser": "0.1.10",
        "storybook": "8.6.0",
        "stream-browserify": "3.0.0",
        "stream-http": "3.1.1",
        "strict-event-emitter": "0.5.0",
        "string_decoder": "1.3.0",
        "string-hash": "1.1.3",
        "strip-ansi": "6.0.0",
        "style-loader": "4.0.0",
        "superstruct": "1.0.3",
        "tar": "7.5.11",
        "taskr": "1.1.0",
        "terser": "5.27.0",
        "terser-webpack-plugin": "5.3.9",
        "text-table": "0.2.0",
        "timers-browserify": "2.0.12",
        "tty-browserify": "0.0.1",
        "typescript": "5.9.2",
        "ua-parser-js": "1.0.35",
        "unistore": "3.4.1",
        "util": "0.12.4",
        "vm-browserify": "1.1.2",
        "watchpack": "2.4.0",
        "web-vitals": "4.2.1",
        "webpack": "5.98.0",
        "webpack-sources1": "npm:webpack-sources@1.4.3",
        "webpack-sources3": "npm:webpack-sources@3.2.3",
        "ws": "8.2.3",
        "zod": "3.25.76",
        "zod-validation-error": "3.4.0"
      },
      "engines": {
        "node": ">=20.9.0"
      },
      "optionalDependencies": {
        "@next/swc-darwin-arm64": "16.2.6",
        "@next/swc-darwin-x64": "16.2.6",
        "@next/swc-linux-arm64-gnu": "16.2.6",
        "@next/swc-linux-arm64-musl": "16.2.6",
        "@next/swc-linux-x64-gnu": "16.2.6",
        "@next/swc-linux-x64-musl": "16.2.6",
        "@next/swc-win32-arm64-msvc": "16.2.6",
        "@next/swc-win32-x64-msvc": "16.2.6",
        "sharp": "^0.34.5"
      },
      "peerDependencies": {
        "@opentelemetry/api": "^1.1.0",
        "@playwright/test": "^1.51.1",
        "babel-plugin-react-compiler": "*",
        "react": "^18.2.0 || 19.0.0-rc-de68d2f4-20241204 || ^19.0.0",
        "react-dom": "^18.2.0 || 19.0.0-rc-de68d2f4-20241204 || ^19.0.0",
        "sass": "^1.3.0"
      },
      "peerDependenciesMeta": {
        "@opentelemetry/api": {
          "optional": true
        },
        "@playwright/test": {
          "optional": true
        },
        "babel-plugin-react-compiler": {
          "optional": true
        },
        "sass": {
          "optional": true
        }
      }
    },
    "../node_modules/.bun/react-dom@19.2.6+d86b59289c1a13ae/node_modules/react-dom": {
      "version": "19.2.6",
      "license": "MIT",
      "dependencies": {
        "scheduler": "^0.27.0"
      },
      "peerDependencies": {
        "react": "^19.2.6"
      }
    },
    "../node_modules/.bun/react@19.2.6/node_modules/react": {
      "version": "19.2.6",
      "license": "MIT",
      "engines": {
        "node": ">=0.10.0"
      }
    },
    "../node_modules/.bun/tailwindcss@4.3.0/node_modules/tailwindcss": {
      "version": "4.3.0",
      "dev": true,
      "license": "MIT",
      "devDependencies": {
        "@jridgewell/remapping": "^2.3.5",
        "@tailwindcss/oxide": "^4.3.0",
        "@types/node": "^22.19.17",
        "dedent": "1.7.2",
        "lightningcss": "1.32.0",
        "magic-string": "^0.30.21",
        "source-map-js": "^1.2.1"
      }
    },
    "../node_modules/.bun/typescript@5.9.3/node_modules/typescript": {
      "version": "5.9.3",
      "dev": true,
      "license": "Apache-2.0",
      "bin": {
        "tsc": "bin/tsc",
        "tsserver": "bin/tsserver"
      },
      "devDependencies": {
        "@dprint/formatter": "^0.4.1",
        "@dprint/typescript": "0.93.4",
        "@esfx/canceltoken": "^1.0.0",
        "@eslint/js": "^9.20.0",
        "@octokit/rest": "^21.1.1",
        "@types/chai": "^4.3.20",
        "@types/diff": "^7.0.1",
        "@types/minimist": "^1.2.5",
        "@types/mocha": "^10.0.10",
        "@types/ms": "^0.7.34",
        "@types/node": "latest",
        "@types/source-map-support": "^0.5.10",
        "@types/which": "^3.0.4",
        "@typescript-eslint/rule-tester": "^8.24.1",
        "@typescript-eslint/type-utils": "^8.24.1",
        "@typescript-eslint/utils": "^8.24.1",
        "azure-devops-node-api": "^14.1.0",
        "c8": "^10.1.3",
        "chai": "^4.5.0",
        "chokidar": "^4.0.3",
        "diff": "^7.0.0",
        "dprint": "^0.49.0",
        "esbuild": "^0.25.0",
        "eslint": "^9.20.1",
        "eslint-formatter-autolinkable-stylish": "^1.4.0",
        "eslint-plugin-regexp": "^2.7.0",
        "fast-xml-parser": "^4.5.2",
        "glob": "^10.4.5",
        "globals": "^15.15.0",
        "hereby": "^1.10.0",
        "jsonc-parser": "^3.3.1",
        "knip": "^5.44.4",
        "minimist": "^1.2.8",
        "mocha": "^10.8.2",
        "mocha-fivemat-progress-reporter": "^0.1.0",
        "monocart-coverage-reports": "^2.12.1",
        "ms": "^2.1.3",
        "picocolors": "^1.1.1",
        "playwright": "^1.50.1",
        "source-map-support": "^0.5.21",
        "tslib": "^2.8.1",
        "typescript": "^5.7.3",
        "typescript-eslint": "^8.24.1",
        "which": "^3.0.1"
      },
      "engines": {
        "node": ">=14.17"
      }
    },
    "node_modules/@tailwindcss/postcss": {
      "resolved": "../node_modules/.bun/@tailwindcss+postcss@4.3.0/node_modules/@tailwindcss/postcss",
      "link": true
    },
    "node_modules/@types/node": {
      "resolved": "../node_modules/.bun/@types+node@24.12.3/node_modules/@types/node",
      "link": true
    },
    "node_modules/@types/react": {
      "resolved": "../node_modules/.bun/@types+react@19.2.14/node_modules/@types/react",
      "link": true
    },
    "node_modules/@types/react-dom": {
      "resolved": "../node_modules/.bun/@types+react-dom@19.2.3+273cdfb19a04c3e9/node_modules/@types/react-dom",
      "link": true
    },
    "node_modules/eslint": {
      "resolved": "../node_modules/.bun/eslint@9.39.4+bf240030a9c72ea2/node_modules/eslint",
      "link": true
    },
    "node_modules/eslint-config-next": {
      "resolved": "../node_modules/.bun/eslint-config-next@16.2.6+832551eaa8266466/node_modules/eslint-config-next",
      "link": true
    },
    "node_modules/hls.js": {
      "version": "1.6.16",
      "resolved": "https://registry.npmjs.org/hls.js/-/hls.js-1.6.16.tgz",
      "integrity": "sha512-VSIRpLfRwlAAdGL4wiTucx2ScRipo0ed1FBatWkyt832jC4CReKstga6yIhYVwGu9LOBjuX9wzmRMeQdBJtzEA==",
      "license": "Apache-2.0"
    },
    "node_modules/next": {
      "resolved": "../node_modules/.bun/next@16.2.6+d0e719b86e9808b5/node_modules/next",
      "link": true
    },
    "node_modules/react": {
      "resolved": "../node_modules/.bun/react@19.2.6/node_modules/react",
      "link": true
    },
    "node_modules/react-dom": {
      "resolved": "../node_modules/.bun/react-dom@19.2.6+d86b59289c1a13ae/node_modules/react-dom",
      "link": true
    },
    "node_modules/tailwindcss": {
      "resolved": "../node_modules/.bun/tailwindcss@4.3.0/node_modules/tailwindcss",
      "link": true
    },
    "node_modules/typescript": {
      "resolved": "../node_modules/.bun/typescript@5.9.3/node_modules/typescript",
      "link": true
    },
    "node_modules/@next/swc-darwin-arm64": {
      "version": "16.2.6",
      "resolved": "https://registry.npmjs.org/@next/swc-darwin-arm64/-/swc-darwin-arm64-16.2.6.tgz",
      "integrity": "sha512-ZJGkkcNfYgrrMkqOdZ7zoLa1TOy0qpcMfk/z4Mh/FKUz40gVO+HNQWqmLxf67Z5WB64DRp0dhEbyHfel+6sJUg==",
      "cpu": [
        "arm64"
      ],
      "optional": true,
      "os": [
        "darwin"
      ],
      "engines": {
        "node": ">= 10"
      }
    },
    "node_modules/@next/swc-darwin-x64": {
      "version": "16.2.6",
      "resolved": "https://registry.npmjs.org/@next/swc-darwin-x64/-/swc-darwin-x64-16.2.6.tgz",
      "integrity": "sha512-v/YLBHIY132Ced3puBJ7YJKw1lqsCrgcNo2aRJlCEyQrrCeRJlvGlnmxhPxNQI3KE3N1DN5r9TPNPvka3nq5RQ==",
      "cpu": [
        "x64"
      ],
      "optional": true,
      "os": [
        "darwin"
      ],
      "engines": {
        "node": ">= 10"
      }
    },
    "node_modules/@next/swc-linux-arm64-gnu": {
      "version": "16.2.6",
      "resolved": "https://registry.npmjs.org/@next/swc-linux-arm64-gnu/-/swc-linux-arm64-gnu-16.2.6.tgz",
      "integrity": "sha512-RPOvqlYBbcQjkz9VQQDZ2T2bARIjXZV1KFlt+V2Mr6SW/e4I9fcKsaA0hdyf2FHoTlsV2xnBd5Y912rP/1Ce6w==",
      "cpu": [
        "arm64"
      ],
      "optional": true,
      "os": [
        "linux"
      ],
      "engines": {
        "node": ">= 10"
      }
    },
    "node_modules/@next/swc-linux-arm64-musl": {
      "version": "16.2.6",
      "resolved": "https://registry.npmjs.org/@next/swc-linux-arm64-musl/-/swc-linux-arm64-musl-16.2.6.tgz",
      "integrity": "sha512-URUTu1+dMkxJsPFgm+OeEvq9wf5sujw0EvgYy80TDGHTSLTnIHeqb0Eu8A3sC95IRgjejQL+kC4mw+4yPxiAXA==",
      "cpu": [
        "arm64"
      ],
      "optional": true,
      "os": [
        "linux"
      ],
      "engines": {
        "node": ">= 10"
      }
    },
    "node_modules/@next/swc-linux-x64-gnu": {
      "version": "16.2.6",
      "resolved": "https://registry.npmjs.org/@next/swc-linux-x64-gnu/-/swc-linux-x64-gnu-16.2.6.tgz",
      "integrity": "sha512-DOj182mPV8G3UkrayLoREM5YEYI+Dk5wv7Ox9xl1fFibAELEsFD0lDPfHIeILlutMMfdyhlzYPELG3peuKaurw==",
      "cpu": [
        "x64"
      ],
      "optional": true,
      "os": [
        "linux"
      ],
      "engines": {
        "node": ">= 10"
      }
    },
    "node_modules/@next/swc-linux-x64-musl": {
      "version": "16.2.6",
      "resolved": "https://registry.npmjs.org/@next/swc-linux-x64-musl/-/swc-linux-x64-musl-16.2.6.tgz",
      "integrity": "sha512-HKQ5SP/V/ub73UvF7n/zeJlxk2kLmtL7Wzrg4WfmkjmNos5onJ2tKu7yZOPdL18A6Svfn3max29ym+ry7NkK4g==",
      "cpu": [
        "x64"
      ],
      "optional": true,
      "os": [
        "linux"
      ],
      "engines": {
        "node": ">= 10"
      }
    },
    "node_modules/@next/swc-win32-arm64-msvc": {
      "version": "16.2.6",
      "resolved": "https://registry.npmjs.org/@next/swc-win32-arm64-msvc/-/swc-win32-arm64-msvc-16.2.6.tgz",
      "integrity": "sha512-LZXpTlPyS5v7HhSmnvsLGP3iIYgYOBnc8r8ArlT55sGHV89bR2HlDdBjWQ+PY6SJMmk8TuVGFuxalnP3k/0Dwg==",
      "cpu": [
        "arm64"
      ],
      "optional": true,
      "os": [
        "win32"
      ],
      "engines": {
        "node": ">= 10"
      }
    },
    "node_modules/@next/swc-win32-x64-msvc": {
      "version": "16.2.6",
      "resolved": "https://registry.npmjs.org/@next/swc-win32-x64-msvc/-/swc-win32-x64-msvc-16.2.6.tgz",
      "integrity": "sha512-F0+4i0h9J6C4eE3EAPWsoCk7UW/dbzOjyzxY0qnDUOYFu6FFmdZ6l97/XdV3/Nz3VYyO7UWjyEJUXkGqcoXfMA==",
      "cpu": [
        "x64"
      ],
      "optional": true,
      "os": [
        "win32"
      ],
      "engines": {
        "node": ">= 10"
      }
    }
  }
}
